{
    "_meta": {
        "hash": {
            "sha256": "24ad229d5cf9a9cfc02d98a893f5d093ea0f180aae947afb6139f917301b233d"
        },
        "pipfile-spec": 6,
        "requires": {
            "python_version": "3.7"
        },
        "sources": [
            {
                "name": "pypi",
                "url": "https://pypi.org/simple",
                "verify_ssl": true
            }
        ]
    },
    "default": {
        "django": {
            "hashes": [
                "sha256:84f370f6acedbe1f3c41e1a02de44ac206efda3355e427139ecb785b5f596d80",
                "sha256:e8fe3c2b2212dce6126becab7a693157f1a441a07b62ec994c046c76af5bb66d"
            ],
            "index": "pypi",
            "version": "==2.2.13"
        },
        "django-appconf": {
            "hashes": [
                "sha256:1b1d0e1069c843ebe8ae5aa48ec52403b1440402b320c3e3a206a0907e97bb06",
                "sha256:be58deb54a43d77d2e1621fe59f787681376d3cd0b8bd8e4758ef6c3a6453380"
            ],
            "version": "==1.0.4"
        },
        "django-compressor": {
            "hashes": [
                "sha256:47c86347f75c64954a06afbbfc820a750619e10c23a49272b865020a407b7edd",
                "sha256:da9ee5ce4fc8b9211dcecd2229520514a4ba9ac3bcdc59b48092ec4d7f6b96b0"
            ],
            "index": "pypi",
            "version": "==2.3"
        },
        "django-sass-processor": {
            "hashes": [
                "sha256:5ba3568e53caf1d59573afa75d71e42c23bddbd5b48cbea831816cd72ed242f9"
            ],
            "index": "pypi",
            "version": "==0.7.3"
        },
        "libsass": {
            "hashes": [
                "sha256:1877d9ac68fd13dddb15406ef4872ba833fd828e87a2ac27f74bfba45390f4ce",
                "sha256:2457723fe04f4e690105f758aa125e809afc840812965095fa3f4edccd6275ef",
                "sha256:2974772e7984b27a51a6d91ebc140183ddd574a9663bd02154ddfb75f13a3eed",
                "sha256:2d067ce4f393fee2ce52bb810a364deac5454dfdb7945d31d1f4265f21f03ab8",
                "sha256:57d0b99c4e3512233a44141f1bf852570d359724a606dfc4550eccd0f570460d",
                "sha256:5b604e4f5befdecc76240c2ba243fd7e23c642ffc2dd86cbfd094a44ead6b08d",
                "sha256:5dd647ffa1319a2a18572f41fee3bb561d7f77d8d4784074a00b2eb22c61a859",
                "sha256:78f3f14e47612be4fa4b161278f2a3e880a19b6a3367f749e9ae240434b7e7f5",
                "sha256:8d423e4b4c0e219488104b4ec4267688dbd816f3ae806beb4201918eff059b2d",
                "sha256:a20473b0427d82e37fa68f0b3a8d219f0bb5ca6d3f7d93b0f5342219285e7064",
                "sha256:c1f76c2a0993914f3c3088e9b6c7031f22e879c5d27a060cdc8c5aa1318eb9b6",
                "sha256:c99fbc950f1955e8b6370aafdb9d84d324e4984a2e00a2b47f04dbcc3706a9d1",
                "sha256:cb50f385117535f7671ac7ff3144c1ef0b8e088778c58d269ce6f31b87bfad72",
                "sha256:f0f033a8154be60e1a2e1f79ee849ea69a1d62e5d476a78f69e4c7d8fd7c20e1",
                "sha256:f2572b73b2e13e74b28388ae86c4fabb853ddbfc12279b4444243bd614710ce8",
                "sha256:f8790db67e00c5bc7be1bdd81ed477563a4b191e839193ecc0c2c5ec679ec481"
            ],
            "index": "pypi",
            "version": "==0.19.2"
        },
        "pytz": {
            "hashes": [
                "sha256:a494d53b6d39c3c6e44c3bec237336e14305e4f29bbf800b599253057fbb79ed",
                "sha256:c35965d010ce31b23eeb663ed3cc8c906275d6be1a34393a1d73a41febf4a048"
            ],
            "version": "==2020.1"
        },
        "rcssmin": {
            "hashes": [
                "sha256:ca87b695d3d7864157773a61263e5abb96006e9ff0e021eff90cbe0e1ba18270"
            ],
            "version": "==1.0.6"
        },
        "rjsmin": {
            "hashes": [
                "sha256:0ab825839125eaca57cc59581d72e596e58a7a56fbc0839996b7528f0343a0a8",
                "sha256:211c2fe8298951663bbc02acdffbf714f6793df54bfc50e1c6c9e71b3f2559a3",
                "sha256:466fe70cc5647c7c51b3260c7e2e323a98b2b173564247f9c89e977720a0645f",
                "sha256:585e75a84d9199b68056fd4a083d9a61e2a92dfd10ff6d4ce5bdb04bc3bdbfaf",
                "sha256:6044ca86e917cd5bb2f95e6679a4192cef812122f28ee08c677513de019629b3",
                "sha256:714329db774a90947e0e2086cdddb80d5e8c4ac1c70c9f92436378dedb8ae345",
                "sha256:799890bd07a048892d8d3deb9042dbc20b7f5d0eb7da91e9483c561033b23ce2",
                "sha256:975b69754d6a76be47c0bead12367a1ca9220d08e5393f80bab0230d4625d1f4",
                "sha256:b15dc75c71f65d9493a8c7fa233fdcec823e3f1b88ad84a843ffef49b338ac32",
                "sha256:dd0f4819df4243ffe4c964995794c79ca43943b5b756de84be92b445a652fb86",
                "sha256:e3908b21ebb584ce74a6ac233bdb5f29485752c9d3be5e50c5484ed74169232c",
                "sha256:e487a7783ac4339e79ec610b98228eb9ac72178973e3dee16eba0e3feef25924",
                "sha256:ecd29f1b3e66a4c0753105baec262b331bcbceefc22fbe6f7e8bcd2067bcb4d7"
            ],
            "version": "==1.1.0"
        },
        "six": {
            "hashes": [
                "sha256:30639c035cdb23534cd4aa2dd52c3bf48f06e5f4a941509c8bafd8ce11080259",
                "sha256:8b74bedcbbbaca38ff6d7491d76f2b06b3592611af620f8426e82dddb04a5ced"
            ],
            "version": "==1.15.0"
        },
        "sqlparse": {
            "hashes": [
                "sha256:022fb9c87b524d1f7862b3037e541f68597a730a8843245c349fc93e1643dc4e",
                "sha256:e162203737712307dfe78860cc56c8da8a852ab2ee33750e33aeadf38d12c548"
            ],
            "version": "==0.3.1"
        }
    },
    "develop": {}
}
